// !$*UTF8*$!
{
	archiveVersion = 1;
	classes = {
	};
	objectVersion = 56;
	objects = {

/* Begin PBXBuildFile section */
		7B88D3832B26E0480032D0BB /* AppDelegate.swift in Sources */ = {isa = PBXBuildFile; fileRef = 7B88D3822B26E0480032D0BB /* AppDelegate.swift */; };
		7B88D3852B26E0480032D0BB /* SceneDelegate.swift in Sources */ = {isa = PBXBuildFile; fileRef = 7B88D3842B26E0480032D0BB /* SceneDelegate.swift */; };
		7B88D3872B26E0480032D0BB /* NotesViewController.swift in Sources */ = {isa = PBXBuildFile; fileRef = 7B88D3862B26E0480032D0BB /* NotesViewController.swift */; };
		7B88D38C2B26E0490032D0BB /* Assets.xcassets in Resources */ = {isa = PBXBuildFile; fileRef = 7B88D38B2B26E0490032D0BB /* Assets.xcassets */; };
		7B88D38F2B26E0490032D0BB /* LaunchScreen.storyboard in Resources */ = {isa = PBXBuildFile; fileRef = 7B88D38D2B26E0490032D0BB /* LaunchScreen.storyboard */; };
		7B88D3972B26E48B0032D0BB /* SettingsViewController.swift in Sources */ = {isa = PBXBuildFile; fileRef = 7B88D3962B26E48B0032D0BB /* SettingsViewController.swift */; };
		7B88D3BF2B26EDD00032D0BB /* Settings.swift in Sources */ = {isa = PBXBuildFile; fileRef = 7B88D3BE2B26EDD00032D0BB /* Settings.swift */; };
		7B88D3C12B26EF020032D0BB /* SettingCell.swift in Sources */ = {isa = PBXBuildFile; fileRef = 7B88D3C02B26EF020032D0BB /* SettingCell.swift */; };
		7B88D3C32B2721030032D0BB /* OnBoardingViewController.swift in Sources */ = {isa = PBXBuildFile; fileRef = 7B88D3C22B2721030032D0BB /* OnBoardingViewController.swift */; };
		7B88D3C52B27246F0032D0BB /* OnBoardingCell.swift in Sources */ = {isa = PBXBuildFile; fileRef = 7B88D3C42B27246F0032D0BB /* OnBoardingCell.swift */; };
		7B88D3C82B2AE84B0032D0BB /* NoteCell.swift in Sources */ = {isa = PBXBuildFile; fileRef = 7B88D3C72B2AE84B0032D0BB /* NoteCell.swift */; };
		7B88D3CB2B2AF6750032D0BB /* AddNoteViewController.swift in Sources */ = {isa = PBXBuildFile; fileRef = 7B88D3CA2B2AF6750032D0BB /* AddNoteViewController.swift */; };
		7B88D3CE2B2AFEC20032D0BB /* Notes.xcdatamodeld in Sources */ = {isa = PBXBuildFile; fileRef = 7B88D3CC2B2AFEC20032D0BB /* Notes.xcdatamodeld */; };
		7B88D3D12B2B008F0032D0BB /* Note+CoreDataClass.swift in Sources */ = {isa = PBXBuildFile; fileRef = 7B88D3CF2B2B008F0032D0BB /* Note+CoreDataClass.swift */; };
		7B88D3D22B2B008F0032D0BB /* Note+CoreDataProperties.swift in Sources */ = {isa = PBXBuildFile; fileRef = 7B88D3D02B2B008F0032D0BB /* Note+CoreDataProperties.swift */; };
		7B88D3D42B2B0AA20032D0BB /* NoteDataManager.swift in Sources */ = {isa = PBXBuildFile; fileRef = 7B88D3D32B2B0AA20032D0BB /* NoteDataManager.swift */; };
		7B88D3DA2B32C5980032D0BB /* OnBoard.swift in Sources */ = {isa = PBXBuildFile; fileRef = 7B88D3D92B32C5980032D0BB /* OnBoard.swift */; };
/* End PBXBuildFile section */

/* Begin PBXFileReference section */
		7B88D37F2B26E0480032D0BB /* HA8.12.app */ = {isa = PBXFileReference; explicitFileType = wrapper.application; includeInIndex = 0; path = HA8.12.app; sourceTree = BUILT_PRODUCTS_DIR; };
		7B88D3822B26E0480032D0BB /* AppDelegate.swift */ = {isa = PBXFileReference; lastKnownFileType = sourcecode.swift; path = AppDelegate.swift; sourceTree = "<group>"; };
		7B88D3842B26E0480032D0BB /* SceneDelegate.swift */ = {isa = PBXFileReference; lastKnownFileType = sourcecode.swift; path = SceneDelegate.swift; sourceTree = "<group>"; };
		7B88D3862B26E0480032D0BB /* NotesViewController.swift */ = {isa = PBXFileReference; lastKnownFileType = sourcecode.swift; path = NotesViewController.swift; sourceTree = "<group>"; };
		7B88D38B2B26E0490032D0BB /* Assets.xcassets */ = {isa = PBXFileReference; lastKnownFileType = folder.assetcatalog; path = Assets.xcassets; sourceTree = "<group>"; };
		7B88D38E2B26E0490032D0BB /* Base */ = {isa = PBXFileReference; lastKnownFileType = file.storyboard; name = Base; path = Base.lproj/LaunchScreen.storyboard; sourceTree = "<group>"; };
		7B88D3902B26E0490032D0BB /* Info.plist */ = {isa = PBXFileReference; lastKnownFileType = text.plist.xml; path = Info.plist; sourceTree = "<group>"; };
		7B88D3962B26E48B0032D0BB /* SettingsViewController.swift */ = {isa = PBXFileReference; lastKnownFileType = sourcecode.swift; path = SettingsViewController.swift; sourceTree = "<group>"; };
		7B88D3BE2B26EDD00032D0BB /* Settings.swift */ = {isa = PBXFileReference; lastKnownFileType = sourcecode.swift; path = Settings.swift; sourceTree = "<group>"; };
		7B88D3C02B26EF020032D0BB /* SettingCell.swift */ = {isa = PBXFileReference; lastKnownFileType = sourcecode.swift; path = SettingCell.swift; sourceTree = "<group>"; };
		7B88D3C22B2721030032D0BB /* OnBoardingViewController.swift */ = {isa = PBXFileReference; lastKnownFileType = sourcecode.swift; path = OnBoardingViewController.swift; sourceTree = "<group>"; };
		7B88D3C42B27246F0032D0BB /* OnBoardingCell.swift */ = {isa = PBXFileReference; lastKnownFileType = sourcecode.swift; path = OnBoardingCell.swift; sourceTree = "<group>"; };
		7B88D3C72B2AE84B0032D0BB /* NoteCell.swift */ = {isa = PBXFileReference; lastKnownFileType = sourcecode.swift; path = NoteCell.swift; sourceTree = "<group>"; };
		7B88D3CA2B2AF6750032D0BB /* AddNoteViewController.swift */ = {isa = PBXFileReference; lastKnownFileType = sourcecode.swift; path = AddNoteViewController.swift; sourceTree = "<group>"; };
		7B88D3CD2B2AFEC20032D0BB /* Notes.xcdatamodel */ = {isa = PBXFileReference; lastKnownFileType = wrapper.xcdatamodel; path = Notes.xcdatamodel; sourceTree = "<group>"; };
		7B88D3CF2B2B008F0032D0BB /* Note+CoreDataClass.swift */ = {isa = PBXFileReference; lastKnownFileType = sourcecode.swift; path = "Note+CoreDataClass.swift"; sourceTree = "<group>"; };
		7B88D3D02B2B008F0032D0BB /* Note+CoreDataProperties.swift */ = {isa = PBXFileReference; lastKnownFileType = sourcecode.swift; path = "Note+CoreDataProperties.swift"; sourceTree = "<group>"; };
		7B88D3D32B2B0AA20032D0BB /* NoteDataManager.swift */ = {isa = PBXFileReference; lastKnownFileType = sourcecode.swift; path = NoteDataManager.swift; sourceTree = "<group>"; };
		7B88D3D92B32C5980032D0BB /* OnBoard.swift */ = {isa = PBXFileReference; lastKnownFileType = sourcecode.swift; path = OnBoard.swift; sourceTree = "<group>"; };
/* End PBXFileReference section */

/* Begin PBXFrameworksBuildPhase section */
		7B88D37C2B26E0480032D0BB /* Frameworks */ = {
			isa = PBXFrameworksBuildPhase;
			buildActionMask = 2147483647;
			files = (
			);
			runOnlyForDeploymentPostprocessing = 0;
		};
/* End PBXFrameworksBuildPhase section */

/* Begin PBXGroup section */
		7B88D3762B26E0480032D0BB = {
			isa = PBXGroup;
			children = (
				7B88D3CF2B2B008F0032D0BB /* Note+CoreDataClass.swift */,
				7B88D3D02B2B008F0032D0BB /* Note+CoreDataProperties.swift */,
				7B88D3CC2B2AFEC20032D0BB /* Notes.xcdatamodeld */,
				7B88D3812B26E0480032D0BB /* HA8.12 */,
				7B88D3802B26E0480032D0BB /* Products */,
			);
			sourceTree = "<group>";
		};
		7B88D3802B26E0480032D0BB /* Products */ = {
			isa = PBXGroup;
			children = (
				7B88D37F2B26E0480032D0BB /* HA8.12.app */,
			);
			name = Products;
			sourceTree = "<group>";
		};
		7B88D3812B26E0480032D0BB /* HA8.12 */ = {
			isa = PBXGroup;
			children = (
				7B88D3DC2B32C6920032D0BB /* SupportFiles */,
				7B88D3DB2B32C6570032D0BB /* App */,
				7B88D3D82B32C3D60032D0BB /* Settings */,
				7B88D3D72B32C3BD0032D0BB /* OnBoard */,
				7B88D3D62B32C3970032D0BB /* Local */,
				7B88D3C92B2AF6380032D0BB /* AddNote */,
				7B88D3C62B2AE80A0032D0BB /* Main */,
				7B88D3902B26E0490032D0BB /* Info.plist */,
			);
			path = HA8.12;
			sourceTree = "<group>";
		};
		7B88D3C62B2AE80A0032D0BB /* Main */ = {
			isa = PBXGroup;
			children = (
				7B88D3862B26E0480032D0BB /* NotesViewController.swift */,
				7B88D3C72B2AE84B0032D0BB /* NoteCell.swift */,
			);
			path = Main;
			sourceTree = "<group>";
		};
		7B88D3C92B2AF6380032D0BB /* AddNote */ = {
			isa = PBXGroup;
			children = (
				7B88D3CA2B2AF6750032D0BB /* AddNoteViewController.swift */,
			);
			path = AddNote;
			sourceTree = "<group>";
		};
		7B88D3D62B32C3970032D0BB /* Local */ = {
			isa = PBXGroup;
			children = (
				7B88D3D32B2B0AA20032D0BB /* NoteDataManager.swift */,
			);
			path = Local;
			sourceTree = "<group>";
		};
		7B88D3D72B32C3BD0032D0BB /* OnBoard */ = {
			isa = PBXGroup;
			children = (
				7B88D3C42B27246F0032D0BB /* OnBoardingCell.swift */,
				7B88D3D92B32C5980032D0BB /* OnBoard.swift */,
				7B88D3C22B2721030032D0BB /* OnBoardingViewController.swift */,
			);
			path = OnBoard;
			sourceTree = "<group>";
		};
		7B88D3D82B32C3D60032D0BB /* Settings */ = {
			isa = PBXGroup;
			children = (
				7B88D3C02B26EF020032D0BB /* SettingCell.swift */,
				7B88D3962B26E48B0032D0BB /* SettingsViewController.swift */,
				7B88D3BE2B26EDD00032D0BB /* Settings.swift */,
			);
			path = Settings;
			sourceTree = "<group>";
		};
		7B88D3DB2B32C6570032D0BB /* App */ = {
			isa = PBXGroup;
			children = (
				7B88D3842B26E0480032D0BB /* SceneDelegate.swift */,
				7B88D3822B26E0480032D0BB /* AppDelegate.swift */,
			);
			path = App;
			sourceTree = "<group>";
		};
		7B88D3DC2B32C6920032D0BB /* SupportFiles */ = {
			isa = PBXGroup;
			children = (
				7B88D38D2B26E0490032D0BB /* LaunchScreen.storyboard */,
				7B88D38B2B26E0490032D0BB /* Assets.xcassets */,
			);
			path = SupportFiles;
			sourceTree = "<group>";
		};
/* End PBXGroup section */

/* Begin PBXNativeTarget section */
		7B88D37E2B26E0480032D0BB /* HA8.12 */ = {
			isa = PBXNativeTarget;
			buildConfigurationList = 7B88D3932B26E0490032D0BB /* Build configuration list for PBXNativeTarget "HA8.12" */;
			buildPhases = (
				7B88D37B2B26E0480032D0BB /* Sources */,
				7B88D37C2B26E0480032D0BB /* Frameworks */,
				7B88D37D2B26E0480032D0BB /* Resources */,
			);
			buildRules = (
			);
			dependencies = (
			);
			name = HA8.12;
			productName = HA8.12;
			productReference = 7B88D37F2B26E0480032D0BB /* HA8.12.app */;
			productType = "com.apple.product-type.application";
		};
/* End PBXNativeTarget section */

/* Begin PBXProject section */
		7B88D3772B26E0480032D0BB /* Project object */ = {
			isa = PBXProject;
			attributes = {
				BuildIndependentTargetsInParallel = 1;
				LastSwiftUpdateCheck = 1400;
				LastUpgradeCheck = 1400;
				TargetAttributes = {
					7B88D37E2B26E0480032D0BB = {
						CreatedOnToolsVersion = 14.0;
					};
				};
			};
			buildConfigurationList = 7B88D37A2B26E0480032D0BB /* Build configuration list for PBXProject "HA8.12" */;
			compatibilityVersion = "Xcode 14.0";
			developmentRegion = en;
			hasScannedForEncodings = 0;
			knownRegions = (
				en,
				Base,
			);
			mainGroup = 7B88D3762B26E0480032D0BB;
			productRefGroup = 7B88D3802B26E0480032D0BB /* Products */;
			projectDirPath = "";
			projectRoot = "";
			targets = (
				7B88D37E2B26E0480032D0BB /* HA8.12 */,
			);
		};
/* End PBXProject section */

/* Begin PBXResourcesBuildPhase section */
		7B88D37D2B26E0480032D0BB /* Resources */ = {
			isa = PBXResourcesBuildPhase;
			buildActionMask = 2147483647;
			files = (
				7B88D38F2B26E0490032D0BB /* LaunchScreen.storyboard in Resources */,
				7B88D38C2B26E0490032D0BB /* Assets.xcassets in Resources */,
			);
			runOnlyForDeploymentPostprocessing = 0;
		};
/* End PBXResourcesBuildPhase section */

/* Begin PBXSourcesBuildPhase section */
		7B88D37B2B26E0480032D0BB /* Sources */ = {
			isa = PBXSourcesBuildPhase;
			buildActionMask = 2147483647;
			files = (
				7B88D3872B26E0480032D0BB /* NotesViewController.swift in Sources */,
				7B88D3832B26E0480032D0BB /* AppDelegate.swift in Sources */,
				7B88D3C52B27246F0032D0BB /* OnBoardingCell.swift in Sources */,
				7B88D3D22B2B008F0032D0BB /* Note+CoreDataProperties.swift in Sources */,
				7B88D3C32B2721030032D0BB /* OnBoardingViewController.swift in Sources */,
				7B88D3C12B26EF020032D0BB /* SettingCell.swift in Sources */,
				7B88D3852B26E0480032D0BB /* SceneDelegate.swift in Sources */,
				7B88D3C82B2AE84B0032D0BB /* NoteCell.swift in Sources */,
				7B88D3972B26E48B0032D0BB /* SettingsViewController.swift in Sources */,
				7B88D3D42B2B0AA20032D0BB /* NoteDataManager.swift in Sources */,
				7B88D3CB2B2AF6750032D0BB /* AddNoteViewController.swift in Sources */,
				7B88D3D12B2B008F0032D0BB /* Note+CoreDataClass.swift in Sources */,
				7B88D3CE2B2AFEC20032D0BB /* Notes.xcdatamodeld in Sources */,
				7B88D3DA2B32C5980032D0BB /* OnBoard.swift in Sources */,
				7B88D3BF2B26EDD00032D0BB /* Settings.swift in Sources */,
			);
			runOnlyForDeploymentPostprocessing = 0;
		};
/* End PBXSourcesBuildPhase section */

/* Begin PBXVariantGroup section */
		7B88D38D2B26E0490032D0BB /* LaunchScreen.storyboard */ = {
			isa = PBXVariantGroup;
			children = (
				7B88D38E2B26E0490032D0BB /* Base */,
			);
			name = LaunchScreen.storyboard;
			sourceTree = "<group>";
		};
/* End PBXVariantGroup section */

/* Begin XCBuildConfiguration section */
		7B88D3912B26E0490032D0BB /* Debug */ = {
			isa = XCBuildConfiguration;
			buildSettings = {
				ALWAYS_SEARCH_USER_PATHS = NO;
				CLANG_ANALYZER_NONNULL = YES;
				CLANG_ANALYZER_NUMBER_OBJECT_CONVERSION = YES_AGGRESSIVE;
				CLANG_CXX_LANGUAGE_STANDARD = "gnu++20";
				CLANG_ENABLE_MODULES = YES;
				CLANG_ENABLE_OBJC_ARC = YES;
				CLANG_ENABLE_OBJC_WEAK = YES;
				CLANG_WARN_BLOCK_CAPTURE_AUTORELEASING = YES;
				CLANG_WARN_BOOL_CONVERSION = YES;
				CLANG_WARN_COMMA = YES;
				CLANG_WARN_CONSTANT_CONVERSION = YES;
				CLANG_WARN_DEPRECATED_OBJC_IMPLEMENTATIONS = YES;
				CLANG_WARN_DIRECT_OBJC_ISA_USAGE = YES_ERROR;
				CLANG_WARN_DOCUMENTATION_COMMENTS = YES;
				CLANG_WARN_EMPTY_BODY = YES;
				CLANG_WARN_ENUM_CONVERSION = YES;
				CLANG_WARN_INFINITE_RECURSION = YES;
				CLANG_WARN_INT_CONVERSION = YES;
				CLANG_WARN_NON_LITERAL_NULL_CONVERSION = YES;
				CLANG_WARN_OBJC_IMPLICIT_RETAIN_SELF = YES;
				CLANG_WARN_OBJC_LITERAL_CONVERSION = YES;
				CLANG_WARN_OBJC_ROOT_CLASS = YES_ERROR;
				CLANG_WARN_QUOTED_INCLUDE_IN_FRAMEWORK_HEADER = YES;
				CLANG_WARN_RANGE_LOOP_ANALYSIS = YES;
				CLANG_WARN_STRICT_PROTOTYPES = YES;
				CLANG_WARN_SUSPICIOUS_MOVE = YES;
				CLANG_WARN_UNGUARDED_AVAILABILITY = YES_AGGRESSIVE;
				CLANG_WARN_UNREACHABLE_CODE = YES;
				CLANG_WARN__DUPLICATE_METHOD_MATCH = YES;
				COPY_PHASE_STRIP = NO;
				DEBUG_INFORMATION_FORMAT = dwarf;
				ENABLE_STRICT_OBJC_MSGSEND = YES;
				ENABLE_TESTABILITY = YES;
				GCC_C_LANGUAGE_STANDARD = gnu11;
				GCC_DYNAMIC_NO_PIC = NO;
				GCC_NO_COMMON_BLOCKS = YES;
				GCC_OPTIMIZATION_LEVEL = 0;
				GCC_PREPROCESSOR_DEFINITIONS = (
					"DEBUG=1",
					"$(inherited)",
				);
				GCC_WARN_64_TO_32_BIT_CONVERSION = YES;
				GCC_WARN_ABOUT_RETURN_TYPE = YES_ERROR;
				GCC_WARN_UNDECLARED_SELECTOR = YES;
				GCC_WARN_UNINITIALIZED_AUTOS = YES_AGGRESSIVE;
				GCC_WARN_UNUSED_FUNCTION = YES;
				GCC_WARN_UNUSED_VARIABLE = YES;
				IPHONEOS_DEPLOYMENT_TARGET = 16.0;
				MTL_ENABLE_DEBUG_INFO = INCLUDE_SOURCE;
				MTL_FAST_MATH = YES;
				ONLY_ACTIVE_ARCH = YES;
				SDKROOT = iphoneos;
				SWIFT_ACTIVE_COMPILATION_CONDITIONS = DEBUG;
				SWIFT_OPTIMIZATION_LEVEL = "-Onone";
			};
			name = Debug;
		};
		7B88D3922B26E0490032D0BB /* Release */ = {
			isa = XCBuildConfiguration;
			buildSettings = {
				ALWAYS_SEARCH_USER_PATHS = NO;
				CLANG_ANALYZER_NONNULL = YES;
				CLANG_ANALYZER_NUMBER_OBJECT_CONVERSION = YES_AGGRESSIVE;
				CLANG_CXX_LANGUAGE_STANDARD = "gnu++20";
				CLANG_ENABLE_MODULES = YES;
				CLANG_ENABLE_OBJC_ARC = YES;
				CLANG_ENABLE_OBJC_WEAK = YES;
				CLANG_WARN_BLOCK_CAPTURE_AUTORELEASING = YES;
				CLANG_WARN_BOOL_CONVERSION = YES;
				CLANG_WARN_COMMA = YES;
				CLANG_WARN_CONSTANT_CONVERSION = YES;
				CLANG_WARN_DEPRECATED_OBJC_IMPLEMENTATIONS = YES;
				CLANG_WARN_DIRECT_OBJC_ISA_USAGE = YES_ERROR;
				CLANG_WARN_DOCUMENTATION_COMMENTS = YES;
				CLANG_WARN_EMPTY_BODY = YES;
				CLANG_WARN_ENUM_CONVERSION = YES;
				CLANG_WARN_INFINITE_RECURSION = YES;
				CLANG_WARN_INT_CONVERSION = YES;
				CLANG_WARN_NON_LITERAL_NULL_CONVERSION = YES;
				CLANG_WARN_OBJC_IMPLICIT_RETAIN_SELF = YES;
				CLANG_WARN_OBJC_LITERAL_CONVERSION = YES;
				CLANG_WARN_OBJC_ROOT_CLASS = YES_ERROR;
				CLANG_WARN_QUOTED_INCLUDE_IN_FRAMEWORK_HEADER = YES;
				CLANG_WARN_RANGE_LOOP_ANALYSIS = YES;
				CLANG_WARN_STRICT_PROTOTYPES = YES;
				CLANG_WARN_SUSPICIOUS_MOVE = YES;
				CLANG_WARN_UNGUARDED_AVAILABILITY = YES_AGGRESSIVE;
				CLANG_WARN_UNREACHABLE_CODE = YES;
				CLANG_WARN__DUPLICATE_METHOD_MATCH = YES;
				COPY_PHASE_STRIP = NO;
				DEBUG_INFORMATION_FORMAT = "dwarf-with-dsym";
				ENABLE_NS_ASSERTIONS = NO;
				ENABLE_STRICT_OBJC_MSGSEND = YES;
				GCC_C_LANGUAGE_STANDARD = gnu11;
				GCC_NO_COMMON_BLOCKS = YES;
				GCC_WARN_64_TO_32_BIT_CONVERSION = YES;
				GCC_WARN_ABOUT_RETURN_TYPE = YES_ERROR;
				GCC_WARN_UNDECLARED_SELECTOR = YES;
				GCC_WARN_UNINITIALIZED_AUTOS = YES_AGGRESSIVE;
				GCC_WARN_UNUSED_FUNCTION = YES;
				GCC_WARN_UNUSED_VARIABLE = YES;
				IPHONEOS_DEPLOYMENT_TARGET = 16.0;
				MTL_ENABLE_DEBUG_INFO = NO;
				MTL_FAST_MATH = YES;
				SDKROOT = iphoneos;
				SWIFT_COMPILATION_MODE = wholemodule;
				SWIFT_OPTIMIZATION_LEVEL = "-O";
				VALIDATE_PRODUCT = YES;
			};
			name = Release;
		};
		7B88D3942B26E0490032D0BB /* Debug */ = {
			isa = XCBuildConfiguration;
			buildSettings = {
				ASSETCATALOG_COMPILER_APPICON_NAME = AppIcon;
				ASSETCATALOG_COMPILER_GLOBAL_ACCENT_COLOR_NAME = AccentColor;
				CODE_SIGN_STYLE = Automatic;
				CURRENT_PROJECT_VERSION = 1;
				GENERATE_INFOPLIST_FILE = YES;
				INFOPLIST_FILE = HA8.12/Info.plist;
				INFOPLIST_KEY_UIApplicationSupportsIndirectInputEvents = YES;
				INFOPLIST_KEY_UILaunchStoryboardName = LaunchScreen;
				INFOPLIST_KEY_UISupportedInterfaceOrientations_iPad = "UIInterfaceOrientationPortrait UIInterfaceOrientationPortraitUpsideDown UIInterfaceOrientationLandscapeLeft UIInterfaceOrientationLandscapeRight";
				INFOPLIST_KEY_UISupportedInterfaceOrientations_iPhone = "UIInterfaceOrientationPortrait UIInterfaceOrientationLandscapeLeft UIInterfaceOrientationLandscapeRight";
				LD_RUNPATH_SEARCH_PATHS = (
					"$(inherited)",
					"@executable_path/Frameworks",
				);
				MARKETING_VERSION = 1.0;
				PRODUCT_BUNDLE_IDENTIFIER = "com.max.HA8-12";
				PRODUCT_NAME = "$(TARGET_NAME)";
				SWIFT_EMIT_LOC_STRINGS = YES;
				SWIFT_VERSION = 5.0;
				TARGETED_DEVICE_FAMILY = "1,2";
			};
			name = Debug;
		};
		7B88D3952B26E0490032D0BB /* Release */ = {
			isa = XCBuildConfiguration;
			buildSettings = {
				ASSETCATALOG_COMPILER_APPICON_NAME = AppIcon;
				ASSETCATALOG_COMPILER_GLOBAL_ACCENT_COLOR_NAME = AccentColor;
				CODE_SIGN_STYLE = Automatic;
				CURRENT_PROJECT_VERSION = 1;
				GENERATE_INFOPLIST_FILE = YES;
				INFOPLIST_FILE = HA8.12/Info.plist;
				INFOPLIST_KEY_UIApplicationSupportsIndirectInputEvents = YES;
				INFOPLIST_KEY_UILaunchStoryboardName = LaunchScreen;
				INFOPLIST_KEY_UISupportedInterfaceOrientations_iPad = "UIInterfaceOrientationPortrait UIInterfaceOrientationPortraitUpsideDown UIInterfaceOrientationLandscapeLeft UIInterfaceOrientationLandscapeRight";
				INFOPLIST_KEY_UISupportedInterfaceOrientations_iPhone = "UIInterfaceOrientationPortrait UIInterfaceOrientationLandscapeLeft UIInterfaceOrientationLandscapeRight";
				LD_RUNPATH_SEARCH_PATHS = (
					"$(inherited)",
					"@executable_path/Frameworks",
				);
				MARKETING_VERSION = 1.0;
				PRODUCT_BUNDLE_IDENTIFIER = "com.max.HA8-12";
				PRODUCT_NAME = "$(TARGET_NAME)";
				SWIFT_EMIT_LOC_STRINGS = YES;
				SWIFT_VERSION = 5.0;
				TARGETED_DEVICE_FAMILY = "1,2";
			};
			name = Release;
		};
/* End XCBuildConfiguration section */

/* Begin XCConfigurationList section */
		7B88D37A2B26E0480032D0BB /* Build configuration list for PBXProject "HA8.12" */ = {
			isa = XCConfigurationList;
			buildConfigurations = (
				7B88D3912B26E0490032D0BB /* Debug */,
				7B88D3922B26E0490032D0BB /* Release */,
			);
			defaultConfigurationIsVisible = 0;
			defaultConfigurationName = Release;
		};
		7B88D3932B26E0490032D0BB /* Build configuration list for PBXNativeTarget "HA8.12" */ = {
			isa = XCConfigurationList;
			buildConfigurations = (
				7B88D3942B26E0490032D0BB /* Debug */,
				7B88D3952B26E0490032D0BB /* Release */,
			);
			defaultConfigurationIsVisible = 0;
			defaultConfigurationName = Release;
		};
/* End XCConfigurationList section */

/* Begin XCVersionGroup section */
		7B88D3CC2B2AFEC20032D0BB /* Notes.xcdatamodeld */ = {
			isa = XCVersionGroup;
			children = (
				7B88D3CD2B2AFEC20032D0BB /* Notes.xcdatamodel */,
			);
			currentVersion = 7B88D3CD2B2AFEC20032D0BB /* Notes.xcdatamodel */;
			path = Notes.xcdatamodeld;
			sourceTree = "<group>";
			versionGroupType = wrapper.xcdatamodel;
		};
/* End XCVersionGroup section */
	};
	rootObject = 7B88D3772B26E0480032D0BB /* Project object */;
}
